
Microsoft Visual Studio Solution File, Format Version 12.00
# Visual Studio Version 17
VisualStudioVersion = 17.0.31919.166
MinimumVisualStudioVersion = 10.0.40219.1
Project("{FAE04EC0-301F-11D3-BF4B-00C04F79EFBC}") = "eTicketsMarket", "eTicketsMarket\eTicketsMarket.csproj", "{DFE42DFC-514B-4CFC-A756-5E2E9F4D389C}"
EndProject
Global
	GlobalSection(SolutionConfigurationPlatforms) = preSolution
		Debug|Any CPU = Debug|Any CPU
		Release|Any CPU = Release|Any CPU
	EndGlobalSection
	GlobalSection(ProjectConfigurationPlatforms) = postSolution
		{DFE42DFC-514B-4CFC-A756-5E2E9F4D389C}.Debug|Any CPU.ActiveCfg = Debug|Any CPU
		{DFE42DFC-514B-4CFC-A756-5E2E9F4D389C}.Debug|Any CPU.Build.0 = Debug|Any CPU
		{DFE42DFC-514B-4CFC-A756-5E2E9F4D389C}.Release|Any CPU.ActiveCfg = Release|Any CPU
		{DFE42DFC-514B-4CFC-A756-5E2E9F4D389C}.Release|Any CPU.Build.0 = Release|Any CPU
	EndGlobalSection
	GlobalSection(SolutionProperties) = preSolution
		HideSolutionNode = FALSE
	EndGlobalSection
	GlobalSection(ExtensibilityGlobals) = postSolution
		SolutionGuid = {93C1F014-B2DD-4A3D-B281-2355460874CB}
	EndGlobalSection
EndGlobal
